
Microsoft Visual Studio Solution File, Format Version 12.00
# Visual Studio 15
VisualStudioVersion = 15.0.27004.2005
MinimumVisualStudioVersion = 10.0.40219.1
Project("{FAE04EC0-301F-11D3-BF4B-00C04F79EFBC}") = "EntityFramework.DynamicFilters", "EntityFramework.DynamicFilters\EntityFramework.DynamicFilters.csproj", "{56E36AD1-E675-42F0-96CB-7F475E05E491}"
EndProject
Project("{FAE04EC0-301F-11D3-BF4B-00C04F79EFBC}") = "EntityFramework.DynamicFilters.Example", "EntityFramework.DynamicFilters.Example\EntityFramework.DynamicFilters.Example.csproj", "{5D389218-8C03-4675-A51F-0ED104AE953A}"
EndProject
Project("{2150E333-8FDC-42A3-9474-1A3956D46DE8}") = "Solution Items", "Solution Items", "{CBA80F2D-22B0-48AF-A86C-387D09D8B6B8}"
	ProjectSection(SolutionItems) = preProject
		CHANGELOG.TXT = CHANGELOG.TXT
		..\CONTRIBUTING.md = ..\CONTRIBUTING.md
		..\LICENSE = ..\LICENSE
		..\README.md = ..\README.md
	EndProjectSection
EndProject
Project("{FAE04EC0-301F-11D3-BF4B-00C04F79EFBC}") = "DynamicFiltersTests", "DynamicFiltersTests\DynamicFiltersTests.csproj", "{F45314CD-2D33-4089-935E-F068ACA59202}"
EndProject
Project("{FAE04EC0-301F-11D3-BF4B-00C04F79EFBC}") = "Z.Lab", "Z.Lab\Z.Lab.csproj", "{72DAF92D-633B-44DE-A55C-F6CD10BE15F0}"
EndProject
Project("{F184B08F-C81C-45F6-A57F-5ABD9991F28F}") = "Z.Lab.VB", "Z.Lab.VB\Z.Lab.VB.vbproj", "{6D24EDDC-96C8-495F-B1D2-0BFB74654173}"
EndProject
Global
	GlobalSection(SolutionConfigurationPlatforms) = preSolution
		Debug|Any CPU = Debug|Any CPU
		Release|Any CPU = Release|Any CPU
	EndGlobalSection
	GlobalSection(ProjectConfigurationPlatforms) = postSolution
		{56E36AD1-E675-42F0-96CB-7F475E05E491}.Debug|Any CPU.ActiveCfg = Debug|Any CPU
		{56E36AD1-E675-42F0-96CB-7F475E05E491}.Debug|Any CPU.Build.0 = Debug|Any CPU
		{56E36AD1-E675-42F0-96CB-7F475E05E491}.Release|Any CPU.ActiveCfg = Release|Any CPU
		{56E36AD1-E675-42F0-96CB-7F475E05E491}.Release|Any CPU.Build.0 = Release|Any CPU
		{5D389218-8C03-4675-A51F-0ED104AE953A}.Debug|Any CPU.ActiveCfg = Debug|Any CPU
		{5D389218-8C03-4675-A51F-0ED104AE953A}.Debug|Any CPU.Build.0 = Debug|Any CPU
		{5D389218-8C03-4675-A51F-0ED104AE953A}.Release|Any CPU.ActiveCfg = Release|Any CPU
		{5D389218-8C03-4675-A51F-0ED104AE953A}.Release|Any CPU.Build.0 = Release|Any CPU
		{F45314CD-2D33-4089-935E-F068ACA59202}.Debug|Any CPU.ActiveCfg = Debug|Any CPU
		{F45314CD-2D33-4089-935E-F068ACA59202}.Debug|Any CPU.Build.0 = Debug|Any CPU
		{F45314CD-2D33-4089-935E-F068ACA59202}.Release|Any CPU.ActiveCfg = Release|Any CPU
		{F45314CD-2D33-4089-935E-F068ACA59202}.Release|Any CPU.Build.0 = Release|Any CPU
		{72DAF92D-633B-44DE-A55C-F6CD10BE15F0}.Debug|Any CPU.ActiveCfg = Debug|Any CPU
		{72DAF92D-633B-44DE-A55C-F6CD10BE15F0}.Debug|Any CPU.Build.0 = Debug|Any CPU
		{72DAF92D-633B-44DE-A55C-F6CD10BE15F0}.Release|Any CPU.ActiveCfg = Release|Any CPU
		{72DAF92D-633B-44DE-A55C-F6CD10BE15F0}.Release|Any CPU.Build.0 = Release|Any CPU
		{6D24EDDC-96C8-495F-B1D2-0BFB74654173}.Debug|Any CPU.ActiveCfg = Debug|Any CPU
		{6D24EDDC-96C8-495F-B1D2-0BFB74654173}.Debug|Any CPU.Build.0 = Debug|Any CPU
		{6D24EDDC-96C8-495F-B1D2-0BFB74654173}.Release|Any CPU.ActiveCfg = Release|Any CPU
		{6D24EDDC-96C8-495F-B1D2-0BFB74654173}.Release|Any CPU.Build.0 = Release|Any CPU
	EndGlobalSection
	GlobalSection(SolutionProperties) = preSolution
		HideSolutionNode = FALSE
	EndGlobalSection
	GlobalSection(ExtensibilityGlobals) = postSolution
		SolutionGuid = {60B0E8BB-D7E6-442C-9819-4B9EAB625957}
	EndGlobalSection
EndGlobal
